# THIS IS AN AUTOGENERATED FILE. DO NOT EDIT THIS FILE DIRECTLY.
# yarn lockfile v1


dayjs@^1.8.8:
  version "1.8.8"
  resolved "https://registry.npmjs.org/dayjs/-/dayjs-1.8.8.tgz#81c81a8bb2488ef859f6c9bead9b62d649072bfd"
  integrity sha512-qBY3kVAVJMxzS4e7DAwZZ/SSiO/DBXbvc/qqbyf1FbsZrxBq81QPdUEWhiPu8Fragf5RfHsLwtH8kCGwKL4qLQ==
